
Microsoft Visual Studio Solution File, Format Version 12.00
# Visual Studio Version 16
VisualStudioVersion = 16.0.30225.117
MinimumVisualStudioVersion = 10.0.40219.1
Project("{9A19103F-16F7-4668-BE54-9A1E7A4F7556}") = "WebApp", "WebApp\WebApp.csproj", "{DB926ACD-DE2C-4F30-909D-0DBCDDB9AE56}"
EndProject
Project("{FAE04EC0-301F-11D3-BF4B-00C04F79EFBC}") = "WebApi", "WebApi\WebApi.csproj", "{133C00B9-6894-422F-8DC2-162153F78EE6}"
EndProject
Global
	GlobalSection(SolutionConfigurationPlatforms) = preSolution
		Debug|Any CPU = Debug|Any CPU
		Release|Any CPU = Release|Any CPU
	EndGlobalSection
	GlobalSection(ProjectConfigurationPlatforms) = postSolution
		{DB926ACD-DE2C-4F30-909D-0DBCDDB9AE56}.Debug|Any CPU.ActiveCfg = Debug|Any CPU
		{DB926ACD-DE2C-4F30-909D-0DBCDDB9AE56}.Debug|Any CPU.Build.0 = Debug|Any CPU
		{DB926ACD-DE2C-4F30-909D-0DBCDDB9AE56}.Release|Any CPU.ActiveCfg = Release|Any CPU
		{DB926ACD-DE2C-4F30-909D-0DBCDDB9AE56}.Release|Any CPU.Build.0 = Release|Any CPU
		{133C00B9-6894-422F-8DC2-162153F78EE6}.Debug|Any CPU.ActiveCfg = Debug|Any CPU
		{133C00B9-6894-422F-8DC2-162153F78EE6}.Debug|Any CPU.Build.0 = Debug|Any CPU
		{133C00B9-6894-422F-8DC2-162153F78EE6}.Release|Any CPU.ActiveCfg = Release|Any CPU
		{133C00B9-6894-422F-8DC2-162153F78EE6}.Release|Any CPU.Build.0 = Release|Any CPU
	EndGlobalSection
	GlobalSection(SolutionProperties) = preSolution
		HideSolutionNode = FALSE
	EndGlobalSection
	GlobalSection(ExtensibilityGlobals) = postSolution
		SolutionGuid = {B0428934-C5F3-4628-9923-DF95294AA455}
	EndGlobalSection
EndGlobal
